
Microsoft Visual Studio Solution File, Format Version 12.00
# Visual Studio Version 16
VisualStudioVersion = 16.0.29613.14
MinimumVisualStudioVersion = 10.0.40219.1
Project("{FAE04EC0-301F-11D3-BF4B-00C04F79EFBC}") = "lab9", "lab9\lab9.csproj", "{8C31B4D6-ABDA-4202-95E7-B9F1CBDC1388}"
EndProject
Global
	GlobalSection(SolutionConfigurationPlatforms) = preSolution
		Debug|Any CPU = Debug|Any CPU
		Release|Any CPU = Release|Any CPU
	EndGlobalSection
	GlobalSection(ProjectConfigurationPlatforms) = postSolution
		{8C31B4D6-ABDA-4202-95E7-B9F1CBDC1388}.Debug|Any CPU.ActiveCfg = Debug|Any CPU
		{8C31B4D6-ABDA-4202-95E7-B9F1CBDC1388}.Debug|Any CPU.Build.0 = Debug|Any CPU
		{8C31B4D6-ABDA-4202-95E7-B9F1CBDC1388}.Release|Any CPU.ActiveCfg = Release|Any CPU
		{8C31B4D6-ABDA-4202-95E7-B9F1CBDC1388}.Release|Any CPU.Build.0 = Release|Any CPU
	EndGlobalSection
	GlobalSection(SolutionProperties) = preSolution
		HideSolutionNode = FALSE
	EndGlobalSection
	GlobalSection(ExtensibilityGlobals) = postSolution
		SolutionGuid = {5F2CED11-8D0F-4FF2-AE1D-44CE948C7F9D}
	EndGlobalSection
EndGlobal
